// !$*UTF8*$!
{
	archiveVersion = 1;
	classes = {
	};
	objectVersion = 56;
	objects = {

/* Begin PBXBuildFile section */
/* End PBXBuildFile section */

/* Begin PBXFileReference section */
/* End PBXFileReference section */

/* Begin PBXGroup section */
		A1B2C3D4E5F6A7B8C9D0E1F2 = {
			isa = PBXGroup;
			children = (
			);
			sourceTree = "<group>";
		};
/* End PBXGroup section */

/* Begin PBXNativeTarget section */
/* End PBXNativeTarget section */

/* Begin PBXProject section */
		F1E2D3C4B5A69788796A5B4C = {
			isa = PBXProject;
			attributes = {
				LastSwiftUpdateCheck = 1600;
				LastUpgradeCheck = 1600;
			};
			buildConfigurationList = D1D2D3D4D5D6D7D8D9D0E1E2;
			compatibilityVersion = "Xcode 14.0";
			developmentRegion = en;
			hasScannedForEncodings = 0;
			knownRegions = (
				en,
				Base,
			);
			mainGroup = A1B2C3D4E5F6A7B8C9D0E1F2;
			productRefGroup = A1B2C3D4E5F6A7B8C9D0E1F2;
			projectDirPath = "";
			projectRoot = "";
			targets = (
			);
		};
/* End PBXProject section */

/* Begin PBXSourcesBuildPhase section */
/* End PBXSourcesBuildPhase section */

/* Begin PBXFrameworksBuildPhase section */
/* End PBXFrameworksBuildPhase section */

/* Begin XCBuildConfiguration section */
		C1C2C3C4C5C6C7C8C9C0D1D2 = {
			isa = XCBuildConfiguration;
			buildSettings = {
				ALWAYS_SEARCH_USER_PATHS = NO;
				CLANG_ANALYZER_NONNULL = YES;
				IPHONEOS_DEPLOYMENT_TARGET = 17.0;
				SDKROOT = iphoneos;
			};
			name = Debug;
		};
		D3D4D5D6D7D8D9D0E1E2E3F4 = {
			isa = XCBuildConfiguration;
			buildSettings = {
				ALWAYS_SEARCH_USER_PATHS = NO;
				CLANG_ANALYZER_NONNULL = YES;
				IPHONEOS_DEPLOYMENT_TARGET = 17.0;
				SDKROOT = iphoneos;
			};
			name = Release;
		};
/* End XCBuildConfiguration section */

/* Begin XCConfigurationList section */
		D1D2D3D4D5D6D7D8D9D0E1E2 = {
			isa = XCConfigurationList;
			buildConfigurations = (
				C1C2C3C4C5C6C7C8C9C0D1D2,
				D3D4D5D6D7D8D9D0E1E2E3F4,
			);
			defaultConfigurationIsVisible = 0;
			defaultConfigurationName = Release;
		};
/* End XCConfigurationList section */

	};
	rootObject = F1E2D3C4B5A69788796A5B4C;
}
